
Microsoft Visual Studio Solution File, Format Version 12.00
# Visual Studio 15
VisualStudioVersion = 15.0.26124.0
MinimumVisualStudioVersion = 15.0.26124.0
Project("{9A19103F-16F7-4668-BE54-9A1E7A4F7556}") = "API", "API\API.csproj", "{BCB351BC-344C-42BE-B53C-F91D62A3A20C}"
	ProjectSection(ProjectDependencies) = postProject
		{C3D7C72E-7AD4-4414-BF45-4B9E642D8478} = {C3D7C72E-7AD4-4414-BF45-4B9E642D8478}
	EndProjectSection
EndProject
Project("{9A19103F-16F7-4668-BE54-9A1E7A4F7556}") = "Application", "Application\Application.csproj", "{C26DD5A2-A370-4EBA-9C0D-CABB6CBA2345}"
EndProject
Project("{9A19103F-16F7-4668-BE54-9A1E7A4F7556}") = "Domain", "Domain\Domain.csproj", "{5ED86F7C-EDDF-42DE-B16F-D6A7AC768BF1}"
EndProject
Project("{9A19103F-16F7-4668-BE54-9A1E7A4F7556}") = "Persistence", "Persistence\Persistence.csproj", "{227F9D41-9FEA-4EA9-A15D-E23CCB37B4DB}"
EndProject
Project("{FAE04EC0-301F-11D3-BF4B-00C04F79EFBC}") = "Infrastructure", "Infrastructure\Infrastructure.csproj", "{C3D7C72E-7AD4-4414-BF45-4B9E642D8478}"
EndProject
Global
	GlobalSection(SolutionConfigurationPlatforms) = preSolution
		Debug|Any CPU = Debug|Any CPU
		Release|Any CPU = Release|Any CPU
	EndGlobalSection
	GlobalSection(ProjectConfigurationPlatforms) = postSolution
		{BCB351BC-344C-42BE-B53C-F91D62A3A20C}.Debug|Any CPU.ActiveCfg = Debug|Any CPU
		{BCB351BC-344C-42BE-B53C-F91D62A3A20C}.Debug|Any CPU.Build.0 = Debug|Any CPU
		{BCB351BC-344C-42BE-B53C-F91D62A3A20C}.Release|Any CPU.ActiveCfg = Release|Any CPU
		{BCB351BC-344C-42BE-B53C-F91D62A3A20C}.Release|Any CPU.Build.0 = Release|Any CPU
		{C26DD5A2-A370-4EBA-9C0D-CABB6CBA2345}.Debug|Any CPU.ActiveCfg = Debug|Any CPU
		{C26DD5A2-A370-4EBA-9C0D-CABB6CBA2345}.Debug|Any CPU.Build.0 = Debug|Any CPU
		{C26DD5A2-A370-4EBA-9C0D-CABB6CBA2345}.Release|Any CPU.ActiveCfg = Release|Any CPU
		{C26DD5A2-A370-4EBA-9C0D-CABB6CBA2345}.Release|Any CPU.Build.0 = Release|Any CPU
		{5ED86F7C-EDDF-42DE-B16F-D6A7AC768BF1}.Debug|Any CPU.ActiveCfg = Debug|Any CPU
		{5ED86F7C-EDDF-42DE-B16F-D6A7AC768BF1}.Debug|Any CPU.Build.0 = Debug|Any CPU
		{5ED86F7C-EDDF-42DE-B16F-D6A7AC768BF1}.Release|Any CPU.ActiveCfg = Release|Any CPU
		{5ED86F7C-EDDF-42DE-B16F-D6A7AC768BF1}.Release|Any CPU.Build.0 = Release|Any CPU
		{227F9D41-9FEA-4EA9-A15D-E23CCB37B4DB}.Debug|Any CPU.ActiveCfg = Debug|Any CPU
		{227F9D41-9FEA-4EA9-A15D-E23CCB37B4DB}.Debug|Any CPU.Build.0 = Debug|Any CPU
		{227F9D41-9FEA-4EA9-A15D-E23CCB37B4DB}.Release|Any CPU.ActiveCfg = Release|Any CPU
		{227F9D41-9FEA-4EA9-A15D-E23CCB37B4DB}.Release|Any CPU.Build.0 = Release|Any CPU
		{C3D7C72E-7AD4-4414-BF45-4B9E642D8478}.Debug|Any CPU.ActiveCfg = Debug|Any CPU
		{C3D7C72E-7AD4-4414-BF45-4B9E642D8478}.Debug|Any CPU.Build.0 = Debug|Any CPU
		{C3D7C72E-7AD4-4414-BF45-4B9E642D8478}.Release|Any CPU.ActiveCfg = Release|Any CPU
		{C3D7C72E-7AD4-4414-BF45-4B9E642D8478}.Release|Any CPU.Build.0 = Release|Any CPU
	EndGlobalSection
	GlobalSection(SolutionProperties) = preSolution
		HideSolutionNode = FALSE
	EndGlobalSection
	GlobalSection(ExtensibilityGlobals) = postSolution
		SolutionGuid = {D59DDD61-77D5-4BD7-977F-FD9F8FB5613E}
	EndGlobalSection
EndGlobal
